
Microsoft Visual Studio Solution File, Format Version 12.00
# Visual Studio Version 17
VisualStudioVersion = 17.14.36623.8 d17.14
MinimumVisualStudioVersion = 10.0.40219.1
Project("{FAE04EC0-301F-11D3-BF4B-00C04F79EFBC}") = "MyLocalGPT", "MyLocalGPT\MyLocalGPT\MyLocalGPT.csproj", "{5DC3951A-2527-4C37-8673-F35D13ECC012}"
EndProject
Project("{FAE04EC0-301F-11D3-BF4B-00C04F79EFBC}") = "MyLocalGPT.Shared", "MyLocalGPT\MyLocalGPT.Shared\MyLocalGPT.Shared.csproj", "{9A6CC9E7-2223-4CB9-96FD-0E1CE648296C}"
EndProject
Project("{FAE04EC0-301F-11D3-BF4B-00C04F79EFBC}") = "MyLocalGPT.Web", "MyLocalGPT\MyLocalGPT.Web\MyLocalGPT.Web.csproj", "{F44E8F39-08EB-4FFC-9ADA-3AA255D2B590}"
EndProject
Project("{FAE04EC0-301F-11D3-BF4B-00C04F79EFBC}") = "MyLocalGPT.Web.Client", "MyLocalGPT\MyLocalGPT.Web.Client\MyLocalGPT.Web.Client.csproj", "{6368A4D8-85AC-48B5-B1B6-54467BF3CF8B}"
EndProject
Global
	GlobalSection(SolutionConfigurationPlatforms) = preSolution
		Debug|Any CPU = Debug|Any CPU
		Release|Any CPU = Release|Any CPU
	EndGlobalSection
	GlobalSection(ProjectConfigurationPlatforms) = postSolution
		{5DC3951A-2527-4C37-8673-F35D13ECC012}.Debug|Any CPU.ActiveCfg = Debug|Any CPU
		{5DC3951A-2527-4C37-8673-F35D13ECC012}.Debug|Any CPU.Build.0 = Debug|Any CPU
		{5DC3951A-2527-4C37-8673-F35D13ECC012}.Release|Any CPU.ActiveCfg = Release|Any CPU
		{5DC3951A-2527-4C37-8673-F35D13ECC012}.Release|Any CPU.Build.0 = Release|Any CPU
		{9A6CC9E7-2223-4CB9-96FD-0E1CE648296C}.Debug|Any CPU.ActiveCfg = Debug|Any CPU
		{9A6CC9E7-2223-4CB9-96FD-0E1CE648296C}.Debug|Any CPU.Build.0 = Debug|Any CPU
		{9A6CC9E7-2223-4CB9-96FD-0E1CE648296C}.Release|Any CPU.ActiveCfg = Release|Any CPU
		{9A6CC9E7-2223-4CB9-96FD-0E1CE648296C}.Release|Any CPU.Build.0 = Release|Any CPU
		{F44E8F39-08EB-4FFC-9ADA-3AA255D2B590}.Debug|Any CPU.ActiveCfg = Debug|Any CPU
		{F44E8F39-08EB-4FFC-9ADA-3AA255D2B590}.Debug|Any CPU.Build.0 = Debug|Any CPU
		{F44E8F39-08EB-4FFC-9ADA-3AA255D2B590}.Release|Any CPU.ActiveCfg = Release|Any CPU
		{F44E8F39-08EB-4FFC-9ADA-3AA255D2B590}.Release|Any CPU.Build.0 = Release|Any CPU
		{6368A4D8-85AC-48B5-B1B6-54467BF3CF8B}.Debug|Any CPU.ActiveCfg = Debug|Any CPU
		{6368A4D8-85AC-48B5-B1B6-54467BF3CF8B}.Debug|Any CPU.Build.0 = Debug|Any CPU
		{6368A4D8-85AC-48B5-B1B6-54467BF3CF8B}.Release|Any CPU.ActiveCfg = Release|Any CPU
		{6368A4D8-85AC-48B5-B1B6-54467BF3CF8B}.Release|Any CPU.Build.0 = Release|Any CPU
	EndGlobalSection
	GlobalSection(SolutionProperties) = preSolution
		HideSolutionNode = FALSE
	EndGlobalSection
	GlobalSection(ExtensibilityGlobals) = postSolution
		SolutionGuid = {D0A75DBA-24CC-4964-9F62-590257D0D1A9}
	EndGlobalSection
EndGlobal
